
Microsoft Visual Studio Solution File, Format Version 12.00
# Visual Studio Version 16
VisualStudioVersion = 16.0.29418.71
MinimumVisualStudioVersion = 10.0.40219.1
Project("{FAE04EC0-301F-11D3-BF4B-00C04F79EFBC}") = "ConsoleApps", "ConsoleApps\ConsoleApps.csproj", "{FC85BC3B-BFB7-4E63-B70C-62E6BEDBB9C1}"
EndProject
Global
	GlobalSection(SolutionConfigurationPlatforms) = preSolution
		Debug|Any CPU = Debug|Any CPU
		Release|Any CPU = Release|Any CPU
	EndGlobalSection
	GlobalSection(ProjectConfigurationPlatforms) = postSolution
		{FC85BC3B-BFB7-4E63-B70C-62E6BEDBB9C1}.Debug|Any CPU.ActiveCfg = Debug|Any CPU
		{FC85BC3B-BFB7-4E63-B70C-62E6BEDBB9C1}.Debug|Any CPU.Build.0 = Debug|Any CPU
		{FC85BC3B-BFB7-4E63-B70C-62E6BEDBB9C1}.Release|Any CPU.ActiveCfg = Release|Any CPU
		{FC85BC3B-BFB7-4E63-B70C-62E6BEDBB9C1}.Release|Any CPU.Build.0 = Release|Any CPU
	EndGlobalSection
	GlobalSection(SolutionProperties) = preSolution
		HideSolutionNode = FALSE
	EndGlobalSection
	GlobalSection(ExtensibilityGlobals) = postSolution
		SolutionGuid = {8F980501-0AC6-4207-9311-3C283A2D9860}
	EndGlobalSection
EndGlobal
